// !$*UTF8*$!
{
	archiveVersion = 1;
	classes = {
	};
	objectVersion = 46;
	objects = {

/* Begin PBXBuildFile section */
		711C998E19BD294800D02B3A /* FLUtilityPaneAnchorPointsViewController.m in Sources */ = {isa = PBXBuildFile; fileRef = 711C998D19BD294800D02B3A /* FLUtilityPaneAnchorPointsViewController.m */; };
		711C999119BD4FEF00D02B3A /* FLModel.m in Sources */ = {isa = PBXBuildFile; fileRef = 711C999019BD4FEF00D02B3A /* FLModel.m */; };
		713FE52D18C00707001E05EF /* FLAnchorPoint.m in Sources */ = {isa = PBXBuildFile; fileRef = 713FE52C18C00707001E05EF /* FLAnchorPoint.m */; };
		713FE53B18C019D0001E05EF /* FLAppFrameController.m in Sources */ = {isa = PBXBuildFile; fileRef = 713FE53A18C019D0001E05EF /* FLAppFrameController.m */; };
		713FE54018C057DF001E05EF /* FLUtilityPaneController.m in Sources */ = {isa = PBXBuildFile; fileRef = 713FE53F18C057DF001E05EF /* FLUtilityPaneController.m */; };
		715EDFD619E774D60014C185 /* FLStreamView.m in Sources */ = {isa = PBXBuildFile; fileRef = 715EDFD519E774D60014C185 /* FLStreamView.m */; };
		715FFFA219EC5ACA006553DF /* FLFlatBezierCurve.m in Sources */ = {isa = PBXBuildFile; fileRef = 715FFFA119EC5ACA006553DF /* FLFlatBezierCurve.m */; };
		715FFFA519EC5ADF006553DF /* FLCubicBezierCurve.m in Sources */ = {isa = PBXBuildFile; fileRef = 715FFFA419EC5ADF006553DF /* FLCubicBezierCurve.m */; };
		717CBE8118E666B100D9CBEB /* GLKit.framework in Frameworks */ = {isa = PBXBuildFile; fileRef = 717CBE8018E666B100D9CBEB /* GLKit.framework */; };
		717CBE8718E7AE2E00D9CBEB /* FLAnchorPointView.m in Sources */ = {isa = PBXBuildFile; fileRef = 717CBE8618E7AE2E00D9CBEB /* FLAnchorPointView.m */; };
		717CBE8A18E7BEE900D9CBEB /* FLAnchorPointsCollection.m in Sources */ = {isa = PBXBuildFile; fileRef = 717CBE8918E7BEE900D9CBEB /* FLAnchorPointsCollection.m */; };
		717D9BC619E4896C006E3198 /* FLUtilityPaneStreamsViewController.m in Sources */ = {isa = PBXBuildFile; fileRef = 717D9BC519E4896C006E3198 /* FLUtilityPaneStreamsViewController.m */; };
		717D9BC919E4C7F8006E3198 /* FLStreamsCollection.m in Sources */ = {isa = PBXBuildFile; fileRef = 717D9BC819E4C7F8006E3198 /* FLStreamsCollection.m */; };
		717D9BCC19E4C821006E3198 /* FLStream.m in Sources */ = {isa = PBXBuildFile; fileRef = 717D9BCB19E4C821006E3198 /* FLStream.m */; };
		7192EF2818BE9154002A34E6 /* QuartzCore.framework in Frameworks */ = {isa = PBXBuildFile; fileRef = 7192EF2718BE9154002A34E6 /* QuartzCore.framework */; };
		7192EF2A18BE915C002A34E6 /* SceneKit.framework in Frameworks */ = {isa = PBXBuildFile; fileRef = 7192EF2918BE915C002A34E6 /* SceneKit.framework */; };
		71A1011E19EDABF300AC918E /* FLCurveNode.m in Sources */ = {isa = PBXBuildFile; fileRef = 71A1011D19EDABF300AC918E /* FLCurveNode.m */; };
		71A1012119EDE6F800AC918E /* FLQuadraticBezierCurve.m in Sources */ = {isa = PBXBuildFile; fileRef = 71A1012019EDE6F800AC918E /* FLQuadraticBezierCurve.m */; };
		71A5FFB819E1CA5C006A99BD /* FLAxisNode.m in Sources */ = {isa = PBXBuildFile; fileRef = 71A5FFB719E1CA5C006A99BD /* FLAxisNode.m */; };
		71A9B58418C3E3CC00788605 /* FLSceneView.m in Sources */ = {isa = PBXBuildFile; fileRef = 71A9B58318C3E3CC00788605 /* FLSceneView.m */; };
		71A9B58718C3EACB00788605 /* FLSceneViewController.m in Sources */ = {isa = PBXBuildFile; fileRef = 71A9B58618C3EACB00788605 /* FLSceneViewController.m */; };
		71AB497F19DC8D6600DC46B3 /* FLUtilityPaneFliegenViewController.m in Sources */ = {isa = PBXBuildFile; fileRef = 71AB497E19DC8D6600DC46B3 /* FLUtilityPaneFliegenViewController.m */; };
		71CD915D19E433A9007913B3 /* FLGridlines.m in Sources */ = {isa = PBXBuildFile; fileRef = 71CD915C19E433A9007913B3 /* FLGridlines.m */; };
		71ED48E619E8455B00231E71 /* FLSelectionHandles.m in Sources */ = {isa = PBXBuildFile; fileRef = 71ED48E519E8455B00231E71 /* FLSelectionHandles.m */; };
		71EFAC4718BE8B7600BCE88E /* Cocoa.framework in Frameworks */ = {isa = PBXBuildFile; fileRef = 71EFAC4618BE8B7600BCE88E /* Cocoa.framework */; };
		71EFAC5118BE8B7600BCE88E /* InfoPlist.strings in Resources */ = {isa = PBXBuildFile; fileRef = 71EFAC4F18BE8B7600BCE88E /* InfoPlist.strings */; };
		71EFAC5318BE8B7600BCE88E /* main.m in Sources */ = {isa = PBXBuildFile; fileRef = 71EFAC5218BE8B7600BCE88E /* main.m */; };
		71EFAC5718BE8B7600BCE88E /* Credits.rtf in Resources */ = {isa = PBXBuildFile; fileRef = 71EFAC5518BE8B7600BCE88E /* Credits.rtf */; };
		71EFAC5A18BE8B7600BCE88E /* AppDelegate.m in Sources */ = {isa = PBXBuildFile; fileRef = 71EFAC5918BE8B7600BCE88E /* AppDelegate.m */; };
		71EFAC5D18BE8B7600BCE88E /* MainMenu.xib in Resources */ = {isa = PBXBuildFile; fileRef = 71EFAC5B18BE8B7600BCE88E /* MainMenu.xib */; };
		71EFAC5F18BE8B7600BCE88E /* Images.xcassets in Resources */ = {isa = PBXBuildFile; fileRef = 71EFAC5E18BE8B7600BCE88E /* Images.xcassets */; };
		71EFAC6618BE8B7600BCE88E /* XCTest.framework in Frameworks */ = {isa = PBXBuildFile; fileRef = 71EFAC6518BE8B7600BCE88E /* XCTest.framework */; };
		71EFAC6718BE8B7600BCE88E /* Cocoa.framework in Frameworks */ = {isa = PBXBuildFile; fileRef = 71EFAC4618BE8B7600BCE88E /* Cocoa.framework */; };
		71EFAC6F18BE8B7600BCE88E /* InfoPlist.strings in Resources */ = {isa = PBXBuildFile; fileRef = 71EFAC6D18BE8B7600BCE88E /* InfoPlist.strings */; };
		71EFAC7118BE8B7600BCE88E /* FliegenTests.m in Sources */ = {isa = PBXBuildFile; fileRef = 71EFAC7018BE8B7600BCE88E /* FliegenTests.m */; };
		71F8058818E4A52600EF22C7 /* SCNNode+FLAdditions.m in Sources */ = {isa = PBXBuildFile; fileRef = 71F8058718E4A52600EF22C7 /* SCNNode+FLAdditions.m */; };
/* End PBXBuildFile section */

/* Begin PBXContainerItemProxy section */
		71EFAC6818BE8B7600BCE88E /* PBXContainerItemProxy */ = {
			isa = PBXContainerItemProxy;
			containerPortal = 71EFAC3B18BE8B7600BCE88E /* Project object */;
			proxyType = 1;
			remoteGlobalIDString = 71EFAC4218BE8B7600BCE88E;
			remoteInfo = Fliegen;
		};
/* End PBXContainerItemProxy section */

/* Begin PBXFileReference section */
		711C998C19BD294800D02B3A /* FLUtilityPaneAnchorPointsViewController.h */ = {isa = PBXFileReference; fileEncoding = 4; lastKnownFileType = sourcecode.c.h; path = FLUtilityPaneAnchorPointsViewController.h; sourceTree = "<group>"; };
		711C998D19BD294800D02B3A /* FLUtilityPaneAnchorPointsViewController.m */ = {isa = PBXFileReference; fileEncoding = 4; lastKnownFileType = sourcecode.c.objc; path = FLUtilityPaneAnchorPointsViewController.m; sourceTree = "<group>"; };
		711C998F19BD4FEF00D02B3A /* FLModel.h */ = {isa = PBXFileReference; fileEncoding = 4; lastKnownFileType = sourcecode.c.h; path = FLModel.h; sourceTree = "<group>"; };
		711C999019BD4FEF00D02B3A /* FLModel.m */ = {isa = PBXFileReference; fileEncoding = 4; lastKnownFileType = sourcecode.c.objc; path = FLModel.m; sourceTree = "<group>"; };
		713FE52B18C00707001E05EF /* FLAnchorPoint.h */ = {isa = PBXFileReference; fileEncoding = 4; lastKnownFileType = sourcecode.c.h; path = FLAnchorPoint.h; sourceTree = "<group>"; };
		713FE52C18C00707001E05EF /* FLAnchorPoint.m */ = {isa = PBXFileReference; fileEncoding = 4; lastKnownFileType = sourcecode.c.objc; path = FLAnchorPoint.m; sourceTree = "<group>"; };
		713FE53918C019D0001E05EF /* FLAppFrameController.h */ = {isa = PBXFileReference; fileEncoding = 4; lastKnownFileType = sourcecode.c.h; path = FLAppFrameController.h; sourceTree = "<group>"; };
		713FE53A18C019D0001E05EF /* FLAppFrameController.m */ = {isa = PBXFileReference; fileEncoding = 4; lastKnownFileType = sourcecode.c.objc; path = FLAppFrameController.m; sourceTree = "<group>"; };
		713FE53E18C057DF001E05EF /* FLUtilityPaneController.h */ = {isa = PBXFileReference; fileEncoding = 4; lastKnownFileType = sourcecode.c.h; path = FLUtilityPaneController.h; sourceTree = "<group>"; };
		713FE53F18C057DF001E05EF /* FLUtilityPaneController.m */ = {isa = PBXFileReference; fileEncoding = 4; lastKnownFileType = sourcecode.c.objc; path = FLUtilityPaneController.m; sourceTree = "<group>"; };
		715EDFD219E772EE0014C185 /* FLAnchorPointProtocol.h */ = {isa = PBXFileReference; fileEncoding = 4; lastKnownFileType = sourcecode.c.h; path = FLAnchorPointProtocol.h; sourceTree = "<group>"; };
		715EDFD319E7733E0014C185 /* FLStreamProtocol.h */ = {isa = PBXFileReference; fileEncoding = 4; lastKnownFileType = sourcecode.c.h; path = FLStreamProtocol.h; sourceTree = "<group>"; };
		715EDFD419E774D60014C185 /* FLStreamView.h */ = {isa = PBXFileReference; fileEncoding = 4; lastKnownFileType = sourcecode.c.h; path = FLStreamView.h; sourceTree = "<group>"; };
		715EDFD519E774D60014C185 /* FLStreamView.m */ = {isa = PBXFileReference; fileEncoding = 4; lastKnownFileType = sourcecode.c.objc; path = FLStreamView.m; sourceTree = "<group>"; };
		715FFF9F19EC538C006553DF /* FLCurveInterpolationProtocol.h */ = {isa = PBXFileReference; fileEncoding = 4; lastKnownFileType = sourcecode.c.h; path = FLCurveInterpolationProtocol.h; sourceTree = "<group>"; };
		715FFFA019EC5ACA006553DF /* FLFlatBezierCurve.h */ = {isa = PBXFileReference; fileEncoding = 4; lastKnownFileType = sourcecode.c.h; path = FLFlatBezierCurve.h; sourceTree = "<group>"; };
		715FFFA119EC5ACA006553DF /* FLFlatBezierCurve.m */ = {isa = PBXFileReference; fileEncoding = 4; lastKnownFileType = sourcecode.c.objc; path = FLFlatBezierCurve.m; sourceTree = "<group>"; };
		715FFFA319EC5ADF006553DF /* FLCubicBezierCurve.h */ = {isa = PBXFileReference; fileEncoding = 4; lastKnownFileType = sourcecode.c.h; path = FLCubicBezierCurve.h; sourceTree = "<group>"; };
		715FFFA419EC5ADF006553DF /* FLCubicBezierCurve.m */ = {isa = PBXFileReference; fileEncoding = 4; lastKnownFileType = sourcecode.c.objc; path = FLCubicBezierCurve.m; sourceTree = "<group>"; };
		715FFFA619EC61E0006553DF /* FLStreamsCollectionProtocol.h */ = {isa = PBXFileReference; fileEncoding = 4; lastKnownFileType = sourcecode.c.h; path = FLStreamsCollectionProtocol.h; sourceTree = "<group>"; };
		715FFFA719EC656C006553DF /* FLAnchorPointsCollectionProtocol.h */ = {isa = PBXFileReference; fileEncoding = 4; lastKnownFileType = sourcecode.c.h; path = FLAnchorPointsCollectionProtocol.h; sourceTree = "<group>"; };
		717CBE8018E666B100D9CBEB /* GLKit.framework */ = {isa = PBXFileReference; lastKnownFileType = wrapper.framework; name = GLKit.framework; path = System/Library/Frameworks/GLKit.framework; sourceTree = SDKROOT; };
		717CBE8518E7AE2E00D9CBEB /* FLAnchorPointView.h */ = {isa = PBXFileReference; fileEncoding = 4; lastKnownFileType = sourcecode.c.h; path = FLAnchorPointView.h; sourceTree = "<group>"; };
		717CBE8618E7AE2E00D9CBEB /* FLAnchorPointView.m */ = {isa = PBXFileReference; fileEncoding = 4; lastKnownFileType = sourcecode.c.objc; path = FLAnchorPointView.m; sourceTree = "<group>"; };
		717CBE8818E7BEE900D9CBEB /* FLAnchorPointsCollection.h */ = {isa = PBXFileReference; fileEncoding = 4; lastKnownFileType = sourcecode.c.h; path = FLAnchorPointsCollection.h; sourceTree = "<group>"; };
		717CBE8918E7BEE900D9CBEB /* FLAnchorPointsCollection.m */ = {isa = PBXFileReference; fileEncoding = 4; lastKnownFileType = sourcecode.c.objc; path = FLAnchorPointsCollection.m; sourceTree = "<group>"; };
		717D2A4C19D5FCB40039C0D4 /* FLSceneKitUtilities.h */ = {isa = PBXFileReference; fileEncoding = 4; lastKnownFileType = sourcecode.c.h; path = FLSceneKitUtilities.h; sourceTree = "<group>"; };
		717D9BC419E4896C006E3198 /* FLUtilityPaneStreamsViewController.h */ = {isa = PBXFileReference; fileEncoding = 4; lastKnownFileType = sourcecode.c.h; path = FLUtilityPaneStreamsViewController.h; sourceTree = "<group>"; };
		717D9BC519E4896C006E3198 /* FLUtilityPaneStreamsViewController.m */ = {isa = PBXFileReference; fileEncoding = 4; lastKnownFileType = sourcecode.c.objc; path = FLUtilityPaneStreamsViewController.m; sourceTree = "<group>"; };
		717D9BC719E4C7F8006E3198 /* FLStreamsCollection.h */ = {isa = PBXFileReference; fileEncoding = 4; lastKnownFileType = sourcecode.c.h; path = FLStreamsCollection.h; sourceTree = "<group>"; };
		717D9BC819E4C7F8006E3198 /* FLStreamsCollection.m */ = {isa = PBXFileReference; fileEncoding = 4; lastKnownFileType = sourcecode.c.objc; path = FLStreamsCollection.m; sourceTree = "<group>"; };
		717D9BCA19E4C821006E3198 /* FLStream.h */ = {isa = PBXFileReference; fileEncoding = 4; lastKnownFileType = sourcecode.c.h; path = FLStream.h; sourceTree = "<group>"; };
		717D9BCB19E4C821006E3198 /* FLStream.m */ = {isa = PBXFileReference; fileEncoding = 4; lastKnownFileType = sourcecode.c.objc; path = FLStream.m; sourceTree = "<group>"; };
		7192EF2718BE9154002A34E6 /* QuartzCore.framework */ = {isa = PBXFileReference; lastKnownFileType = wrapper.framework; name = QuartzCore.framework; path = System/Library/Frameworks/QuartzCore.framework; sourceTree = SDKROOT; };
		7192EF2918BE915C002A34E6 /* SceneKit.framework */ = {isa = PBXFileReference; lastKnownFileType = wrapper.framework; name = SceneKit.framework; path = System/Library/Frameworks/SceneKit.framework; sourceTree = SDKROOT; };
		71A1011C19EDABF300AC918E /* FLCurveNode.h */ = {isa = PBXFileReference; fileEncoding = 4; lastKnownFileType = sourcecode.c.h; path = FLCurveNode.h; sourceTree = "<group>"; };
		71A1011D19EDABF300AC918E /* FLCurveNode.m */ = {isa = PBXFileReference; fileEncoding = 4; lastKnownFileType = sourcecode.c.objc; path = FLCurveNode.m; sourceTree = "<group>"; };
		71A1011F19EDE6F800AC918E /* FLQuadraticBezierCurve.h */ = {isa = PBXFileReference; fileEncoding = 4; lastKnownFileType = sourcecode.c.h; path = FLQuadraticBezierCurve.h; sourceTree = "<group>"; };
		71A1012019EDE6F800AC918E /* FLQuadraticBezierCurve.m */ = {isa = PBXFileReference; fileEncoding = 4; lastKnownFileType = sourcecode.c.objc; path = FLQuadraticBezierCurve.m; sourceTree = "<group>"; };
		71A5FFB619E1CA5C006A99BD /* FLAxisNode.h */ = {isa = PBXFileReference; fileEncoding = 4; lastKnownFileType = sourcecode.c.h; path = FLAxisNode.h; sourceTree = "<group>"; };
		71A5FFB719E1CA5C006A99BD /* FLAxisNode.m */ = {isa = PBXFileReference; fileEncoding = 4; lastKnownFileType = sourcecode.c.objc; path = FLAxisNode.m; sourceTree = "<group>"; };
		71A9B58218C3E3CC00788605 /* FLSceneView.h */ = {isa = PBXFileReference; fileEncoding = 4; lastKnownFileType = sourcecode.c.h; path = FLSceneView.h; sourceTree = "<group>"; };
		71A9B58318C3E3CC00788605 /* FLSceneView.m */ = {isa = PBXFileReference; fileEncoding = 4; lastKnownFileType = sourcecode.c.objc; path = FLSceneView.m; sourceTree = "<group>"; };
		71A9B58518C3EACB00788605 /* FLSceneViewController.h */ = {isa = PBXFileReference; fileEncoding = 4; lastKnownFileType = sourcecode.c.h; path = FLSceneViewController.h; sourceTree = "<group>"; };
		71A9B58618C3EACB00788605 /* FLSceneViewController.m */ = {isa = PBXFileReference; fileEncoding = 4; lastKnownFileType = sourcecode.c.objc; path = FLSceneViewController.m; sourceTree = "<group>"; };
		71AB497D19DC8D6600DC46B3 /* FLUtilityPaneFliegenViewController.h */ = {isa = PBXFileReference; fileEncoding = 4; lastKnownFileType = sourcecode.c.h; path = FLUtilityPaneFliegenViewController.h; sourceTree = "<group>"; };
		71AB497E19DC8D6600DC46B3 /* FLUtilityPaneFliegenViewController.m */ = {isa = PBXFileReference; fileEncoding = 4; lastKnownFileType = sourcecode.c.objc; path = FLUtilityPaneFliegenViewController.m; sourceTree = "<group>"; };
		71CD915B19E433A9007913B3 /* FLGridlines.h */ = {isa = PBXFileReference; fileEncoding = 4; lastKnownFileType = sourcecode.c.h; path = FLGridlines.h; sourceTree = "<group>"; };
		71CD915C19E433A9007913B3 /* FLGridlines.m */ = {isa = PBXFileReference; fileEncoding = 4; lastKnownFileType = sourcecode.c.objc; path = FLGridlines.m; sourceTree = "<group>"; };
		71CD915E19E437A7007913B3 /* FLConstants.h */ = {isa = PBXFileReference; fileEncoding = 4; lastKnownFileType = sourcecode.c.h; path = FLConstants.h; sourceTree = "<group>"; };
		71ED48E419E8455B00231E71 /* FLSelectionHandles.h */ = {isa = PBXFileReference; fileEncoding = 4; lastKnownFileType = sourcecode.c.h; path = FLSelectionHandles.h; sourceTree = "<group>"; };
		71ED48E519E8455B00231E71 /* FLSelectionHandles.m */ = {isa = PBXFileReference; fileEncoding = 4; lastKnownFileType = sourcecode.c.objc; path = FLSelectionHandles.m; sourceTree = "<group>"; };
		71ED48E719EB22E000231E71 /* FLSceneViewController_FLPrivateHelpers.h */ = {isa = PBXFileReference; fileEncoding = 4; lastKnownFileType = sourcecode.c.h; path = FLSceneViewController_FLPrivateHelpers.h; sourceTree = "<group>"; };
		71EFAC4318BE8B7600BCE88E /* Fliegen.app */ = {isa = PBXFileReference; explicitFileType = wrapper.application; includeInIndex = 0; path = Fliegen.app; sourceTree = BUILT_PRODUCTS_DIR; };
		71EFAC4618BE8B7600BCE88E /* Cocoa.framework */ = {isa = PBXFileReference; lastKnownFileType = wrapper.framework; name = Cocoa.framework; path = System/Library/Frameworks/Cocoa.framework; sourceTree = SDKROOT; };
		71EFAC4918BE8B7600BCE88E /* AppKit.framework */ = {isa = PBXFileReference; lastKnownFileType = wrapper.framework; name = AppKit.framework; path = System/Library/Frameworks/AppKit.framework; sourceTree = SDKROOT; };
		71EFAC4A18BE8B7600BCE88E /* CoreData.framework */ = {isa = PBXFileReference; lastKnownFileType = wrapper.framework; name = CoreData.framework; path = System/Library/Frameworks/CoreData.framework; sourceTree = SDKROOT; };
		71EFAC4B18BE8B7600BCE88E /* Foundation.framework */ = {isa = PBXFileReference; lastKnownFileType = wrapper.framework; name = Foundation.framework; path = System/Library/Frameworks/Foundation.framework; sourceTree = SDKROOT; };
		71EFAC4E18BE8B7600BCE88E /* Fliegen-Info.plist */ = {isa = PBXFileReference; lastKnownFileType = text.plist.xml; path = "Fliegen-Info.plist"; sourceTree = "<group>"; };
		71EFAC5018BE8B7600BCE88E /* en */ = {isa = PBXFileReference; lastKnownFileType = text.plist.strings; name = en; path = en.lproj/InfoPlist.strings; sourceTree = "<group>"; };
		71EFAC5218BE8B7600BCE88E /* main.m */ = {isa = PBXFileReference; lastKnownFileType = sourcecode.c.objc; path = main.m; sourceTree = "<group>"; };
		71EFAC5418BE8B7600BCE88E /* Fliegen-Prefix.pch */ = {isa = PBXFileReference; lastKnownFileType = sourcecode.c.h; path = "Fliegen-Prefix.pch"; sourceTree = "<group>"; };
		71EFAC5618BE8B7600BCE88E /* en */ = {isa = PBXFileReference; lastKnownFileType = text.rtf; name = en; path = en.lproj/Credits.rtf; sourceTree = "<group>"; };
		71EFAC5818BE8B7600BCE88E /* AppDelegate.h */ = {isa = PBXFileReference; lastKnownFileType = sourcecode.c.h; path = AppDelegate.h; sourceTree = "<group>"; };
		71EFAC5918BE8B7600BCE88E /* AppDelegate.m */ = {isa = PBXFileReference; lastKnownFileType = sourcecode.c.objc; path = AppDelegate.m; sourceTree = "<group>"; };
		71EFAC5C18BE8B7600BCE88E /* Base */ = {isa = PBXFileReference; lastKnownFileType = file.xib; name = Base; path = Base.lproj/MainMenu.xib; sourceTree = "<group>"; };
		71EFAC5E18BE8B7600BCE88E /* Images.xcassets */ = {isa = PBXFileReference; lastKnownFileType = folder.assetcatalog; path = Images.xcassets; sourceTree = "<group>"; };
		71EFAC6418BE8B7600BCE88E /* FliegenTests.xctest */ = {isa = PBXFileReference; explicitFileType = wrapper.cfbundle; includeInIndex = 0; path = FliegenTests.xctest; sourceTree = BUILT_PRODUCTS_DIR; };
		71EFAC6518BE8B7600BCE88E /* XCTest.framework */ = {isa = PBXFileReference; lastKnownFileType = wrapper.framework; name = XCTest.framework; path = Library/Frameworks/XCTest.framework; sourceTree = DEVELOPER_DIR; };
		71EFAC6C18BE8B7600BCE88E /* FliegenTests-Info.plist */ = {isa = PBXFileReference; lastKnownFileType = text.plist.xml; path = "FliegenTests-Info.plist"; sourceTree = "<group>"; };
		71EFAC6E18BE8B7600BCE88E /* en */ = {isa = PBXFileReference; lastKnownFileType = text.plist.strings; name = en; path = en.lproj/InfoPlist.strings; sourceTree = "<group>"; };
		71EFAC7018BE8B7600BCE88E /* FliegenTests.m */ = {isa = PBXFileReference; lastKnownFileType = sourcecode.c.objc; path = FliegenTests.m; sourceTree = "<group>"; };
		71F8058618E4A52600EF22C7 /* SCNNode+FLAdditions.h */ = {isa = PBXFileReference; fileEncoding = 4; lastKnownFileType = sourcecode.c.h; path = "SCNNode+FLAdditions.h"; sourceTree = "<group>"; };
		71F8058718E4A52600EF22C7 /* SCNNode+FLAdditions.m */ = {isa = PBXFileReference; fileEncoding = 4; lastKnownFileType = sourcecode.c.objc; path = "SCNNode+FLAdditions.m"; sourceTree = "<group>"; };
/* End PBXFileReference section */

/* Begin PBXFrameworksBuildPhase section */
		71EFAC4018BE8B7600BCE88E /* Frameworks */ = {
			isa = PBXFrameworksBuildPhase;
			buildActionMask = 2147483647;
			files = (
				717CBE8118E666B100D9CBEB /* GLKit.framework in Frameworks */,
				7192EF2A18BE915C002A34E6 /* SceneKit.framework in Frameworks */,
				7192EF2818BE9154002A34E6 /* QuartzCore.framework in Frameworks */,
				71EFAC4718BE8B7600BCE88E /* Cocoa.framework in Frameworks */,
			);
			runOnlyForDeploymentPostprocessing = 0;
		};
		71EFAC6118BE8B7600BCE88E /* Frameworks */ = {
			isa = PBXFrameworksBuildPhase;
			buildActionMask = 2147483647;
			files = (
				71EFAC6718BE8B7600BCE88E /* Cocoa.framework in Frameworks */,
				71EFAC6618BE8B7600BCE88E /* XCTest.framework in Frameworks */,
			);
			runOnlyForDeploymentPostprocessing = 0;
		};
/* End PBXFrameworksBuildPhase section */

/* Begin PBXGroup section */
		713FE53318C01871001E05EF /* Model */ = {
			isa = PBXGroup;
			children = (
				715EDFD119E772970014C185 /* Protocols */,
				711C998F19BD4FEF00D02B3A /* FLModel.h */,
				711C999019BD4FEF00D02B3A /* FLModel.m */,
				717D9BC719E4C7F8006E3198 /* FLStreamsCollection.h */,
				717D9BC819E4C7F8006E3198 /* FLStreamsCollection.m */,
				717D9BCA19E4C821006E3198 /* FLStream.h */,
				717D9BCB19E4C821006E3198 /* FLStream.m */,
				717CBE8818E7BEE900D9CBEB /* FLAnchorPointsCollection.h */,
				717CBE8918E7BEE900D9CBEB /* FLAnchorPointsCollection.m */,
				713FE52B18C00707001E05EF /* FLAnchorPoint.h */,
				713FE52C18C00707001E05EF /* FLAnchorPoint.m */,
				715FFFA019EC5ACA006553DF /* FLFlatBezierCurve.h */,
				715FFFA119EC5ACA006553DF /* FLFlatBezierCurve.m */,
				71A1011F19EDE6F800AC918E /* FLQuadraticBezierCurve.h */,
				71A1012019EDE6F800AC918E /* FLQuadraticBezierCurve.m */,
				715FFFA319EC5ADF006553DF /* FLCubicBezierCurve.h */,
				715FFFA419EC5ADF006553DF /* FLCubicBezierCurve.m */,
			);
			name = Model;
			sourceTree = "<group>";
		};
		713FE53418C01878001E05EF /* View */ = {
			isa = PBXGroup;
			children = (
				71A9B58218C3E3CC00788605 /* FLSceneView.h */,
				71A9B58318C3E3CC00788605 /* FLSceneView.m */,
				715EDFD419E774D60014C185 /* FLStreamView.h */,
				715EDFD519E774D60014C185 /* FLStreamView.m */,
				717CBE8518E7AE2E00D9CBEB /* FLAnchorPointView.h */,
				717CBE8618E7AE2E00D9CBEB /* FLAnchorPointView.m */,
				71A5FFB619E1CA5C006A99BD /* FLAxisNode.h */,
				71A5FFB719E1CA5C006A99BD /* FLAxisNode.m */,
				71CD915B19E433A9007913B3 /* FLGridlines.h */,
				71CD915C19E433A9007913B3 /* FLGridlines.m */,
				71ED48E419E8455B00231E71 /* FLSelectionHandles.h */,
				71ED48E519E8455B00231E71 /* FLSelectionHandles.m */,
				71A1011C19EDABF300AC918E /* FLCurveNode.h */,
				71A1011D19EDABF300AC918E /* FLCurveNode.m */,
			);
			name = View;
			sourceTree = "<group>";
		};
		713FE53518C0187E001E05EF /* Controller */ = {
			isa = PBXGroup;
			children = (
				713FE53918C019D0001E05EF /* FLAppFrameController.h */,
				713FE53A18C019D0001E05EF /* FLAppFrameController.m */,
				713FE53E18C057DF001E05EF /* FLUtilityPaneController.h */,
				713FE53F18C057DF001E05EF /* FLUtilityPaneController.m */,
				717D9BC419E4896C006E3198 /* FLUtilityPaneStreamsViewController.h */,
				717D9BC519E4896C006E3198 /* FLUtilityPaneStreamsViewController.m */,
				711C998C19BD294800D02B3A /* FLUtilityPaneAnchorPointsViewController.h */,
				711C998D19BD294800D02B3A /* FLUtilityPaneAnchorPointsViewController.m */,
				71AB497D19DC8D6600DC46B3 /* FLUtilityPaneFliegenViewController.h */,
				71AB497E19DC8D6600DC46B3 /* FLUtilityPaneFliegenViewController.m */,
				71A9B58518C3EACB00788605 /* FLSceneViewController.h */,
				71A9B58618C3EACB00788605 /* FLSceneViewController.m */,
				71ED48E719EB22E000231E71 /* FLSceneViewController_FLPrivateHelpers.h */,
			);
			name = Controller;
			sourceTree = "<group>";
		};
		715EDFD119E772970014C185 /* Protocols */ = {
			isa = PBXGroup;
			children = (
				715FFFA619EC61E0006553DF /* FLStreamsCollectionProtocol.h */,
				715FFFA719EC656C006553DF /* FLAnchorPointsCollectionProtocol.h */,
				715EDFD319E7733E0014C185 /* FLStreamProtocol.h */,
				715EDFD219E772EE0014C185 /* FLAnchorPointProtocol.h */,
				715FFF9F19EC538C006553DF /* FLCurveInterpolationProtocol.h */,
			);
			name = Protocols;
			sourceTree = "<group>";
		};
		7192EF2B18BEC496002A34E6 /* Resources */ = {
			isa = PBXGroup;
			children = (
			);
			path = Resources;
			sourceTree = "<group>";
		};
		71EFAC3A18BE8B7600BCE88E = {
			isa = PBXGroup;
			children = (
				71EFAC4C18BE8B7600BCE88E /* Fliegen */,
				71EFAC6A18BE8B7600BCE88E /* FliegenTests */,
				71EFAC4518BE8B7600BCE88E /* Frameworks */,
				71EFAC4418BE8B7600BCE88E /* Products */,
			);
			sourceTree = "<group>";
		};
		71EFAC4418BE8B7600BCE88E /* Products */ = {
			isa = PBXGroup;
			children = (
				71EFAC4318BE8B7600BCE88E /* Fliegen.app */,
				71EFAC6418BE8B7600BCE88E /* FliegenTests.xctest */,
			);
			name = Products;
			sourceTree = "<group>";
		};
		71EFAC4518BE8B7600BCE88E /* Frameworks */ = {
			isa = PBXGroup;
			children = (
				717CBE8018E666B100D9CBEB /* GLKit.framework */,
				7192EF2918BE915C002A34E6 /* SceneKit.framework */,
				7192EF2718BE9154002A34E6 /* QuartzCore.framework */,
				71EFAC4618BE8B7600BCE88E /* Cocoa.framework */,
				71EFAC6518BE8B7600BCE88E /* XCTest.framework */,
				71EFAC4818BE8B7600BCE88E /* Other Frameworks */,
			);
			name = Frameworks;
			sourceTree = "<group>";
		};
		71EFAC4818BE8B7600BCE88E /* Other Frameworks */ = {
			isa = PBXGroup;
			children = (
				71EFAC4918BE8B7600BCE88E /* AppKit.framework */,
				71EFAC4A18BE8B7600BCE88E /* CoreData.framework */,
				71EFAC4B18BE8B7600BCE88E /* Foundation.framework */,
			);
			name = "Other Frameworks";
			sourceTree = "<group>";
		};
		71EFAC4C18BE8B7600BCE88E /* Fliegen */ = {
			isa = PBXGroup;
			children = (
				713FE53518C0187E001E05EF /* Controller */,
				713FE53418C01878001E05EF /* View */,
				713FE53318C01871001E05EF /* Model */,
				71F8058618E4A52600EF22C7 /* SCNNode+FLAdditions.h */,
				71F8058718E4A52600EF22C7 /* SCNNode+FLAdditions.m */,
				717D2A4C19D5FCB40039C0D4 /* FLSceneKitUtilities.h */,
				71CD915E19E437A7007913B3 /* FLConstants.h */,
				71EFAC5818BE8B7600BCE88E /* AppDelegate.h */,
				71EFAC5918BE8B7600BCE88E /* AppDelegate.m */,
				71EFAC5B18BE8B7600BCE88E /* MainMenu.xib */,
				71EFAC5E18BE8B7600BCE88E /* Images.xcassets */,
				71EFAC4D18BE8B7600BCE88E /* Supporting Files */,
				7192EF2B18BEC496002A34E6 /* Resources */,
			);
			path = Fliegen;
			sourceTree = "<group>";
		};
		71EFAC4D18BE8B7600BCE88E /* Supporting Files */ = {
			isa = PBXGroup;
			children = (
				71EFAC4E18BE8B7600BCE88E /* Fliegen-Info.plist */,
				71EFAC4F18BE8B7600BCE88E /* InfoPlist.strings */,
				71EFAC5218BE8B7600BCE88E /* main.m */,
				71EFAC5418BE8B7600BCE88E /* Fliegen-Prefix.pch */,
				71EFAC5518BE8B7600BCE88E /* Credits.rtf */,
			);
			name = "Supporting Files";
			sourceTree = "<group>";
		};
		71EFAC6A18BE8B7600BCE88E /* FliegenTests */ = {
			isa = PBXGroup;
			children = (
				71EFAC7018BE8B7600BCE88E /* FliegenTests.m */,
				71EFAC6B18BE8B7600BCE88E /* Supporting Files */,
			);
			path = FliegenTests;
			sourceTree = "<group>";
		};
		71EFAC6B18BE8B7600BCE88E /* Supporting Files */ = {
			isa = PBXGroup;
			children = (
				71EFAC6C18BE8B7600BCE88E /* FliegenTests-Info.plist */,
				71EFAC6D18BE8B7600BCE88E /* InfoPlist.strings */,
			);
			name = "Supporting Files";
			sourceTree = "<group>";
		};
/* End PBXGroup section */

/* Begin PBXNativeTarget section */
		71EFAC4218BE8B7600BCE88E /* Fliegen */ = {
			isa = PBXNativeTarget;
			buildConfigurationList = 71EFAC7418BE8B7600BCE88E /* Build configuration list for PBXNativeTarget "Fliegen" */;
			buildPhases = (
				71EFAC3F18BE8B7600BCE88E /* Sources */,
				71EFAC4018BE8B7600BCE88E /* Frameworks */,
				71EFAC4118BE8B7600BCE88E /* Resources */,
			);
			buildRules = (
			);
			dependencies = (
			);
			name = Fliegen;
			productName = Fliegen;
			productReference = 71EFAC4318BE8B7600BCE88E /* Fliegen.app */;
			productType = "com.apple.product-type.application";
		};
		71EFAC6318BE8B7600BCE88E /* FliegenTests */ = {
			isa = PBXNativeTarget;
			buildConfigurationList = 71EFAC7718BE8B7600BCE88E /* Build configuration list for PBXNativeTarget "FliegenTests" */;
			buildPhases = (
				71EFAC6018BE8B7600BCE88E /* Sources */,
				71EFAC6118BE8B7600BCE88E /* Frameworks */,
				71EFAC6218BE8B7600BCE88E /* Resources */,
			);
			buildRules = (
			);
			dependencies = (
				71EFAC6918BE8B7600BCE88E /* PBXTargetDependency */,
			);
			name = FliegenTests;
			productName = FliegenTests;
			productReference = 71EFAC6418BE8B7600BCE88E /* FliegenTests.xctest */;
			productType = "com.apple.product-type.bundle.unit-test";
		};
/* End PBXNativeTarget section */

/* Begin PBXProject section */
		71EFAC3B18BE8B7600BCE88E /* Project object */ = {
			isa = PBXProject;
			attributes = {
				LastUpgradeCheck = 0500;
				ORGANIZATIONNAME = "Abhishek Moothedath";
				TargetAttributes = {
					71EFAC6318BE8B7600BCE88E = {
						TestTargetID = 71EFAC4218BE8B7600BCE88E;
					};
				};
			};
			buildConfigurationList = 71EFAC3E18BE8B7600BCE88E /* Build configuration list for PBXProject "Fliegen" */;
			compatibilityVersion = "Xcode 3.2";
			developmentRegion = English;
			hasScannedForEncodings = 0;
			knownRegions = (
				en,
				Base,
			);
			mainGroup = 71EFAC3A18BE8B7600BCE88E;
			productRefGroup = 71EFAC4418BE8B7600BCE88E /* Products */;
			projectDirPath = "";
			projectRoot = "";
			targets = (
				71EFAC4218BE8B7600BCE88E /* Fliegen */,
				71EFAC6318BE8B7600BCE88E /* FliegenTests */,
			);
		};
/* End PBXProject section */

/* Begin PBXResourcesBuildPhase section */
		71EFAC4118BE8B7600BCE88E /* Resources */ = {
			isa = PBXResourcesBuildPhase;
			buildActionMask = 2147483647;
			files = (
				71EFAC5118BE8B7600BCE88E /* InfoPlist.strings in Resources */,
				71EFAC5F18BE8B7600BCE88E /* Images.xcassets in Resources */,
				71EFAC5718BE8B7600BCE88E /* Credits.rtf in Resources */,
				71EFAC5D18BE8B7600BCE88E /* MainMenu.xib in Resources */,
			);
			runOnlyForDeploymentPostprocessing = 0;
		};
		71EFAC6218BE8B7600BCE88E /* Resources */ = {
			isa = PBXResourcesBuildPhase;
			buildActionMask = 2147483647;
			files = (
				71EFAC6F18BE8B7600BCE88E /* InfoPlist.strings in Resources */,
			);
			runOnlyForDeploymentPostprocessing = 0;
		};
/* End PBXResourcesBuildPhase section */

/* Begin PBXSourcesBuildPhase section */
		71EFAC3F18BE8B7600BCE88E /* Sources */ = {
			isa = PBXSourcesBuildPhase;
			buildActionMask = 2147483647;
			files = (
				713FE54018C057DF001E05EF /* FLUtilityPaneController.m in Sources */,
				71EFAC5A18BE8B7600BCE88E /* AppDelegate.m in Sources */,
				713FE52D18C00707001E05EF /* FLAnchorPoint.m in Sources */,
				71CD915D19E433A9007913B3 /* FLGridlines.m in Sources */,
				717D9BC619E4896C006E3198 /* FLUtilityPaneStreamsViewController.m in Sources */,
				715EDFD619E774D60014C185 /* FLStreamView.m in Sources */,
				715FFFA519EC5ADF006553DF /* FLCubicBezierCurve.m in Sources */,
				717D9BC919E4C7F8006E3198 /* FLStreamsCollection.m in Sources */,
				71AB497F19DC8D6600DC46B3 /* FLUtilityPaneFliegenViewController.m in Sources */,
				715FFFA219EC5ACA006553DF /* FLFlatBezierCurve.m in Sources */,
				71A9B58718C3EACB00788605 /* FLSceneViewController.m in Sources */,
				71A1011E19EDABF300AC918E /* FLCurveNode.m in Sources */,
				71EFAC5318BE8B7600BCE88E /* main.m in Sources */,
				71ED48E619E8455B00231E71 /* FLSelectionHandles.m in Sources */,
				717CBE8A18E7BEE900D9CBEB /* FLAnchorPointsCollection.m in Sources */,
				711C998E19BD294800D02B3A /* FLUtilityPaneAnchorPointsViewController.m in Sources */,
				717D9BCC19E4C821006E3198 /* FLStream.m in Sources */,
				71A1012119EDE6F800AC918E /* FLQuadraticBezierCurve.m in Sources */,
				71A5FFB819E1CA5C006A99BD /* FLAxisNode.m in Sources */,
				713FE53B18C019D0001E05EF /* FLAppFrameController.m in Sources */,
				71F8058818E4A52600EF22C7 /* SCNNode+FLAdditions.m in Sources */,
				717CBE8718E7AE2E00D9CBEB /* FLAnchorPointView.m in Sources */,
				71A9B58418C3E3CC00788605 /* FLSceneView.m in Sources */,
				711C999119BD4FEF00D02B3A /* FLModel.m in Sources */,
			);
			runOnlyForDeploymentPostprocessing = 0;
		};
		71EFAC6018BE8B7600BCE88E /* Sources */ = {
			isa = PBXSourcesBuildPhase;
			buildActionMask = 2147483647;
			files = (
				71EFAC7118BE8B7600BCE88E /* FliegenTests.m in Sources */,
			);
			runOnlyForDeploymentPostprocessing = 0;
		};
/* End PBXSourcesBuildPhase section */

/* Begin PBXTargetDependency section */
		71EFAC6918BE8B7600BCE88E /* PBXTargetDependency */ = {
			isa = PBXTargetDependency;
			target = 71EFAC4218BE8B7600BCE88E /* Fliegen */;
			targetProxy = 71EFAC6818BE8B7600BCE88E /* PBXContainerItemProxy */;
		};
/* End PBXTargetDependency section */

/* Begin PBXVariantGroup section */
		71EFAC4F18BE8B7600BCE88E /* InfoPlist.strings */ = {
			isa = PBXVariantGroup;
			children = (
				71EFAC5018BE8B7600BCE88E /* en */,
			);
			name = InfoPlist.strings;
			sourceTree = "<group>";
		};
		71EFAC5518BE8B7600BCE88E /* Credits.rtf */ = {
			isa = PBXVariantGroup;
			children = (
				71EFAC5618BE8B7600BCE88E /* en */,
			);
			name = Credits.rtf;
			sourceTree = "<group>";
		};
		71EFAC5B18BE8B7600BCE88E /* MainMenu.xib */ = {
			isa = PBXVariantGroup;
			children = (
				71EFAC5C18BE8B7600BCE88E /* Base */,
			);
			name = MainMenu.xib;
			sourceTree = "<group>";
		};
		71EFAC6D18BE8B7600BCE88E /* InfoPlist.strings */ = {
			isa = PBXVariantGroup;
			children = (
				71EFAC6E18BE8B7600BCE88E /* en */,
			);
			name = InfoPlist.strings;
			sourceTree = "<group>";
		};
/* End PBXVariantGroup section */

/* Begin XCBuildConfiguration section */
		71EFAC7218BE8B7600BCE88E /* Debug */ = {
			isa = XCBuildConfiguration;
			buildSettings = {
				ALWAYS_SEARCH_USER_PATHS = NO;
				CLANG_CXX_LANGUAGE_STANDARD = "gnu++0x";
				CLANG_CXX_LIBRARY = "libc++";
				CLANG_ENABLE_OBJC_ARC = YES;
				CLANG_WARN_BOOL_CONVERSION = YES;
				CLANG_WARN_CONSTANT_CONVERSION = YES;
				CLANG_WARN_DIRECT_OBJC_ISA_USAGE = YES_ERROR;
				CLANG_WARN_EMPTY_BODY = YES;
				CLANG_WARN_ENUM_CONVERSION = YES;
				CLANG_WARN_INT_CONVERSION = YES;
				CLANG_WARN_OBJC_ROOT_CLASS = YES_ERROR;
				CLANG_WARN__DUPLICATE_METHOD_MATCH = YES;
				COPY_PHASE_STRIP = NO;
				GCC_C_LANGUAGE_STANDARD = gnu99;
				GCC_DYNAMIC_NO_PIC = NO;
				GCC_ENABLE_OBJC_EXCEPTIONS = YES;
				GCC_OPTIMIZATION_LEVEL = 0;
				GCC_PREPROCESSOR_DEFINITIONS = (
					"DEBUG=1",
					"$(inherited)",
				);
				GCC_SYMBOLS_PRIVATE_EXTERN = NO;
				GCC_WARN_64_TO_32_BIT_CONVERSION = YES;
				GCC_WARN_ABOUT_RETURN_TYPE = YES_ERROR;
				GCC_WARN_UNDECLARED_SELECTOR = YES;
				GCC_WARN_UNINITIALIZED_AUTOS = YES;
				GCC_WARN_UNUSED_FUNCTION = YES;
				GCC_WARN_UNUSED_VARIABLE = YES;
				MACOSX_DEPLOYMENT_TARGET = 10.9;
				ONLY_ACTIVE_ARCH = YES;
				SDKROOT = macosx;
			};
			name = Debug;
		};
		71EFAC7318BE8B7600BCE88E /* Release */ = {
			isa = XCBuildConfiguration;
			buildSettings = {
				ALWAYS_SEARCH_USER_PATHS = NO;
				CLANG_CXX_LANGUAGE_STANDARD = "gnu++0x";
				CLANG_CXX_LIBRARY = "libc++";
				CLANG_ENABLE_OBJC_ARC = YES;
				CLANG_WARN_BOOL_CONVERSION = YES;
				CLANG_WARN_CONSTANT_CONVERSION = YES;
				CLANG_WARN_DIRECT_OBJC_ISA_USAGE = YES_ERROR;
				CLANG_WARN_EMPTY_BODY = YES;
				CLANG_WARN_ENUM_CONVERSION = YES;
				CLANG_WARN_INT_CONVERSION = YES;
				CLANG_WARN_OBJC_ROOT_CLASS = YES_ERROR;
				CLANG_WARN__DUPLICATE_METHOD_MATCH = YES;
				COPY_PHASE_STRIP = YES;
				DEBUG_INFORMATION_FORMAT = "dwarf-with-dsym";
				ENABLE_NS_ASSERTIONS = NO;
				GCC_C_LANGUAGE_STANDARD = gnu99;
				GCC_ENABLE_OBJC_EXCEPTIONS = YES;
				GCC_WARN_64_TO_32_BIT_CONVERSION = YES;
				GCC_WARN_ABOUT_RETURN_TYPE = YES_ERROR;
				GCC_WARN_UNDECLARED_SELECTOR = YES;
				GCC_WARN_UNINITIALIZED_AUTOS = YES;
				GCC_WARN_UNUSED_FUNCTION = YES;
				GCC_WARN_UNUSED_VARIABLE = YES;
				MACOSX_DEPLOYMENT_TARGET = 10.9;
				SDKROOT = macosx;
			};
			name = Release;
		};
		71EFAC7518BE8B7600BCE88E /* Debug */ = {
			isa = XCBuildConfiguration;
			buildSettings = {
				ASSETCATALOG_COMPILER_APPICON_NAME = AppIcon;
				COMBINE_HIDPI_IMAGES = YES;
				GCC_PRECOMPILE_PREFIX_HEADER = YES;
				GCC_PREFIX_HEADER = "Fliegen/Fliegen-Prefix.pch";
				INFOPLIST_FILE = "Fliegen/Fliegen-Info.plist";
				PRODUCT_NAME = "$(TARGET_NAME)";
				WRAPPER_EXTENSION = app;
			};
			name = Debug;
		};
		71EFAC7618BE8B7600BCE88E /* Release */ = {
			isa = XCBuildConfiguration;
			buildSettings = {
				ASSETCATALOG_COMPILER_APPICON_NAME = AppIcon;
				COMBINE_HIDPI_IMAGES = YES;
				GCC_PRECOMPILE_PREFIX_HEADER = YES;
				GCC_PREFIX_HEADER = "Fliegen/Fliegen-Prefix.pch";
				INFOPLIST_FILE = "Fliegen/Fliegen-Info.plist";
				PRODUCT_NAME = "$(TARGET_NAME)";
				WRAPPER_EXTENSION = app;
			};
			name = Release;
		};
		71EFAC7818BE8B7600BCE88E /* Debug */ = {
			isa = XCBuildConfiguration;
			buildSettings = {
				BUNDLE_LOADER = "$(BUILT_PRODUCTS_DIR)/Fliegen.app/Contents/MacOS/Fliegen";
				COMBINE_HIDPI_IMAGES = YES;
				FRAMEWORK_SEARCH_PATHS = (
					"$(DEVELOPER_FRAMEWORKS_DIR)",
					"$(inherited)",
				);
				GCC_PRECOMPILE_PREFIX_HEADER = YES;
				GCC_PREFIX_HEADER = "Fliegen/Fliegen-Prefix.pch";
				GCC_PREPROCESSOR_DEFINITIONS = (
					"DEBUG=1",
					"$(inherited)",
				);
				INFOPLIST_FILE = "FliegenTests/FliegenTests-Info.plist";
				PRODUCT_NAME = "$(TARGET_NAME)";
				TEST_HOST = "$(BUNDLE_LOADER)";
				WRAPPER_EXTENSION = xctest;
			};
			name = Debug;
		};
		71EFAC7918BE8B7600BCE88E /* Release */ = {
			isa = XCBuildConfiguration;
			buildSettings = {
				BUNDLE_LOADER = "$(BUILT_PRODUCTS_DIR)/Fliegen.app/Contents/MacOS/Fliegen";
				COMBINE_HIDPI_IMAGES = YES;
				FRAMEWORK_SEARCH_PATHS = (
					"$(DEVELOPER_FRAMEWORKS_DIR)",
					"$(inherited)",
				);
				GCC_PRECOMPILE_PREFIX_HEADER = YES;
				GCC_PREFIX_HEADER = "Fliegen/Fliegen-Prefix.pch";
				INFOPLIST_FILE = "FliegenTests/FliegenTests-Info.plist";
				PRODUCT_NAME = "$(TARGET_NAME)";
				TEST_HOST = "$(BUNDLE_LOADER)";
				WRAPPER_EXTENSION = xctest;
			};
			name = Release;
		};
/* End XCBuildConfiguration section */

/* Begin XCConfigurationList section */
		71EFAC3E18BE8B7600BCE88E /* Build configuration list for PBXProject "Fliegen" */ = {
			isa = XCConfigurationList;
			buildConfigurations = (
				71EFAC7218BE8B7600BCE88E /* Debug */,
				71EFAC7318BE8B7600BCE88E /* Release */,
			);
			defaultConfigurationIsVisible = 0;
			defaultConfigurationName = Release;
		};
		71EFAC7418BE8B7600BCE88E /* Build configuration list for PBXNativeTarget "Fliegen" */ = {
			isa = XCConfigurationList;
			buildConfigurations = (
				71EFAC7518BE8B7600BCE88E /* Debug */,
				71EFAC7618BE8B7600BCE88E /* Release */,
			);
			defaultConfigurationIsVisible = 0;
			defaultConfigurationName = Release;
		};
		71EFAC7718BE8B7600BCE88E /* Build configuration list for PBXNativeTarget "FliegenTests" */ = {
			isa = XCConfigurationList;
			buildConfigurations = (
				71EFAC7818BE8B7600BCE88E /* Debug */,
				71EFAC7918BE8B7600BCE88E /* Release */,
			);
			defaultConfigurationIsVisible = 0;
			defaultConfigurationName = Release;
		};
/* End XCConfigurationList section */
	};
	rootObject = 71EFAC3B18BE8B7600BCE88E /* Project object */;
}
